# The pinned static LLVM SDKs: the release assets this tree is built and
# verified with, as seed.lock pins the seed (#1826). `with build :deps`
# installs this host's pin into .deps/llvm-<ver>-<host> and stamps it; a
# compiler link refuses a .deps SDK whose stamp is not the pin (LLVM_PREFIX,
# which CI sets after checking the workflow pin, is taken as named); and
# `with build :seed-driver` refuses while any workflow SDK pin disagrees
# with this file.
#
# `<asset>.version=` is the release, `<asset>=` the archive's sha256, and
# `.sha256=`/`.manifest=` the digests of its sidecar and manifest where a
# workflow pins those. A release asset replaced in place is a new SDK: pin
# its digest only after verifying it builds this tree.

# darwin-aarch64: 3ae5c9ec with the arm64e.x1 backport, so its ld64.lld reads
# Xcode 27's .tbd stubs (#1826, #1880).
with-llvm-sdk-22.1.6-darwin-aarch64.tar.gz.version=nightly-sdk-20260928-3ae5c9ec0b31
with-llvm-sdk-22.1.6-darwin-aarch64.tar.gz=dd824534e89fe9570558036a69fcddfecb6075b0fcad1bfa7f502c67272de7a4
with-llvm-sdk-22.1.6-darwin-aarch64.tar.gz.sha256=66258ada1ca04f6bfa4ff1f55753fa890b75a2cc3b7fb978f6d9979ae24179f1
with-llvm-sdk-22.1.6-darwin-aarch64.tar.gz.manifest=9623c66f4f03265c64f2cda63ddc20be0eac9b690d0fab1155fb30f47c3b781e

# linux-x86_64: built by build/sdk.w at 594656a8 against the With linux
# sysroot (glibc 2.28), with its own compiler-rt and static libc++ and no
# libxml2 (#1915, D81); a compiler it links needs no host gcc or glibc files.
with-llvm-sdk-22.1.6-linux-x86_64.tar.gz.version=nightly-sdk-20260930-594656a80308
with-llvm-sdk-22.1.6-linux-x86_64.tar.gz=1b60cd5e61f2246d3ecda49b118bd76112b8d35b183935680161712c98b15661
with-llvm-sdk-22.1.6-linux-x86_64.tar.gz.sha256=5d53ecf44300116f5518ce41c9248d8da5efe90b762a0d22440dbefedfc9b24e
with-llvm-sdk-22.1.6-linux-x86_64.tar.gz.manifest=4252f86279af1c7d1d345e649447ec6877726fc176ef58d5584224b457662850

with-llvm-sdk-22.1.6-linux-aarch64.tar.gz.version=sdk-linux-aarch64
with-llvm-sdk-22.1.6-linux-aarch64.tar.gz=b1597fe5281c760f594235a0d5b01fe3360b8303f7615b9f87c3ff87a2740926

# windows-x86_64: 6cd934e8, x86_64-w64-windows-gnu with its own C runtime
# (mingw-w64 14.0.0 + UCRT), compiler-rt builtins, libc++ and the build tools,
# built on win10 with no Visual Studio or Windows SDK (#1915).
with-llvm-sdk-22.1.6-windows-x86_64.tar.gz.version=nightly-sdk-20260930-6cd934e82b4d
with-llvm-sdk-22.1.6-windows-x86_64.tar.gz=a24652c52d9fb1aa32210b3d765f2c74e6b221648f7d891b73c879350d785bd7
with-llvm-sdk-22.1.6-windows-x86_64.tar.gz.sha256=830bc3dc38bdffc71693aed4e28817c305a32b3c7198e9284853631aab6dc624
with-llvm-sdk-22.1.6-windows-x86_64.tar.gz.manifest=6ef4af37a583ba96881f4b16e3c43798397c8ece0be56d78f8d61c507c3b1c7c

with-llvm-sdk-22.1.6-windows-aarch64.tar.gz.version=sdk-windows-aarch64
with-llvm-sdk-22.1.6-windows-aarch64.tar.gz=ad13e07af474d683c699f041c52cd98697df9781b581dda913d39d92be186743

# The v0.15.1 .tar.zst SDKs are the bootstrap inputs sdk-release.yml and the
# windows legs read.
with-llvm-sdk-22.1.6-linux-x86_64.tar.zst.version=v0.15.1
with-llvm-sdk-22.1.6-linux-x86_64.tar.zst=f978cae85045617ce9f8e426e64bb05c667cd15d47e0e39adc541e9575b4b387
with-llvm-sdk-22.1.6-windows-x86_64.tar.zst.version=v0.15.1
with-llvm-sdk-22.1.6-windows-x86_64.tar.zst=0c4f9860cf528b3821781d89e5b42947ef8ee2249327cffa64fb9fb5eac09a4a
